
Microsoft Visual Studio Solution File, Format Version 12.00
# Visual Studio Version 16
VisualStudioVersion = 16.0.33214.272
MinimumVisualStudioVersion = 10.0.40219.1
Project("{FAE04EC0-301F-11D3-BF4B-00C04F79EFBC}") = "WebApplication3", "WebApplication3\WebApplication3.csproj", "{BB39A1F1-D99D-42B6-A455-F5B2D85135CE}"
EndProject
Global
	GlobalSection(SolutionConfigurationPlatforms) = preSolution
		Debug|Any CPU = Debug|Any CPU
		Release|Any CPU = Release|Any CPU
	EndGlobalSection
	GlobalSection(ProjectConfigurationPlatforms) = postSolution
		{BB39A1F1-D99D-42B6-A455-F5B2D85135CE}.Debug|Any CPU.ActiveCfg = Debug|Any CPU
		{BB39A1F1-D99D-42B6-A455-F5B2D85135CE}.Debug|Any CPU.Build.0 = Debug|Any CPU
		{BB39A1F1-D99D-42B6-A455-F5B2D85135CE}.Release|Any CPU.ActiveCfg = Release|Any CPU
		{BB39A1F1-D99D-42B6-A455-F5B2D85135CE}.Release|Any CPU.Build.0 = Release|Any CPU
	EndGlobalSection
	GlobalSection(SolutionProperties) = preSolution
		HideSolutionNode = FALSE
	EndGlobalSection
	GlobalSection(ExtensibilityGlobals) = postSolution
		SolutionGuid = {88F77EFC-EE8F-4BCE-8A55-46BABBBA1768}
	EndGlobalSection
EndGlobal
